// !$*UTF8*$!
{
	archiveVersion = 1;
	classes = {
	};
	objectVersion = 50;
	objects = {

/* Begin PBXBuildFile section */
		1F31F3232386DF51002A0F0D /* BaseNavController.swift in Sources */ = {isa = PBXBuildFile; fileRef = 1F31F3222386DF51002A0F0D /* BaseNavController.swift */; };
		1F31F3262386E40D002A0F0D /* LocationService.swift in Sources */ = {isa = PBXBuildFile; fileRef = 1F31F3252386E40D002A0F0D /* LocationService.swift */; };
		1F31F3282386E7FF002A0F0D /* HomeTableCell.swift in Sources */ = {isa = PBXBuildFile; fileRef = 1F31F3272386E7FF002A0F0D /* HomeTableCell.swift */; };
		1F31F32A2386EF9F002A0F0D /* LocationItem.swift in Sources */ = {isa = PBXBuildFile; fileRef = 1F31F3292386EF9F002A0F0D /* LocationItem.swift */; };
		1F31F32E23871595002A0F0D /* MKAnnotation+CLLocation.swift in Sources */ = {isa = PBXBuildFile; fileRef = 1F31F32D23871595002A0F0D /* MKAnnotation+CLLocation.swift */; };
		1F31F3302387163D002A0F0D /* Double+FormattedDistance.swift in Sources */ = {isa = PBXBuildFile; fileRef = 1F31F32F2387163D002A0F0D /* Double+FormattedDistance.swift */; };
		1F31F33223872E29002A0F0D /* MKMapView+Bounds.swift in Sources */ = {isa = PBXBuildFile; fileRef = 1F31F33123872E29002A0F0D /* MKMapView+Bounds.swift */; };
		1F5A07C42386D6CE003D16EC /* AppDelegate.swift in Sources */ = {isa = PBXBuildFile; fileRef = 1F5A07C32386D6CE003D16EC /* AppDelegate.swift */; };
		1F5A07CD2386D6CF003D16EC /* Assets.xcassets in Resources */ = {isa = PBXBuildFile; fileRef = 1F5A07CC2386D6CF003D16EC /* Assets.xcassets */; };
		1F5A07D02386D6CF003D16EC /* LaunchScreen.storyboard in Resources */ = {isa = PBXBuildFile; fileRef = 1F5A07CE2386D6CF003D16EC /* LaunchScreen.storyboard */; };
		1F5A07DA2386D77E003D16EC /* HomeViewController.swift in Sources */ = {isa = PBXBuildFile; fileRef = 1F5A07D92386D77E003D16EC /* HomeViewController.swift */; };
		1F5A07DC2386D786003D16EC /* HomeView.swift in Sources */ = {isa = PBXBuildFile; fileRef = 1F5A07DB2386D786003D16EC /* HomeView.swift */; };
		1F5A07DE2386D799003D16EC /* HomeTableDataSource.swift in Sources */ = {isa = PBXBuildFile; fileRef = 1F5A07DD2386D799003D16EC /* HomeTableDataSource.swift */; };
		1F5A07E02386D7C9003D16EC /* HomeViewModel.swift in Sources */ = {isa = PBXBuildFile; fileRef = 1F5A07DF2386D7C9003D16EC /* HomeViewModel.swift */; };
		1F5A07E22386D7DC003D16EC /* HomeCoordinator.swift in Sources */ = {isa = PBXBuildFile; fileRef = 1F5A07E12386D7DC003D16EC /* HomeCoordinator.swift */; };
		1F5A07E52386D850003D16EC /* Coordinator.swift in Sources */ = {isa = PBXBuildFile; fileRef = 1F5A07E42386D850003D16EC /* Coordinator.swift */; };
		1F5A07E82386DC18003D16EC /* UIView+Constraints.swift in Sources */ = {isa = PBXBuildFile; fileRef = 1F5A07E72386DC18003D16EC /* UIView+Constraints.swift */; };
		1FDC310D238849C4008A6DB9 /* R.swift in Sources */ = {isa = PBXBuildFile; fileRef = 1FDC310C238849C4008A6DB9 /* R.swift */; };
/* End PBXBuildFile section */

/* Begin PBXFileReference section */
		1F31F3222386DF51002A0F0D /* BaseNavController.swift */ = {isa = PBXFileReference; lastKnownFileType = sourcecode.swift; path = BaseNavController.swift; sourceTree = "<group>"; };
		1F31F3252386E40D002A0F0D /* LocationService.swift */ = {isa = PBXFileReference; lastKnownFileType = sourcecode.swift; path = LocationService.swift; sourceTree = "<group>"; };
		1F31F3272386E7FF002A0F0D /* HomeTableCell.swift */ = {isa = PBXFileReference; lastKnownFileType = sourcecode.swift; path = HomeTableCell.swift; sourceTree = "<group>"; };
		1F31F3292386EF9F002A0F0D /* LocationItem.swift */ = {isa = PBXFileReference; lastKnownFileType = sourcecode.swift; path = LocationItem.swift; sourceTree = "<group>"; };
		1F31F32D23871595002A0F0D /* MKAnnotation+CLLocation.swift */ = {isa = PBXFileReference; lastKnownFileType = sourcecode.swift; path = "MKAnnotation+CLLocation.swift"; sourceTree = "<group>"; };
		1F31F32F2387163D002A0F0D /* Double+FormattedDistance.swift */ = {isa = PBXFileReference; lastKnownFileType = sourcecode.swift; path = "Double+FormattedDistance.swift"; sourceTree = "<group>"; };
		1F31F33123872E29002A0F0D /* MKMapView+Bounds.swift */ = {isa = PBXFileReference; lastKnownFileType = sourcecode.swift; path = "MKMapView+Bounds.swift"; sourceTree = "<group>"; };
		1F5A07C02386D6CE003D16EC /* MapIt.app */ = {isa = PBXFileReference; explicitFileType = wrapper.application; includeInIndex = 0; path = MapIt.app; sourceTree = BUILT_PRODUCTS_DIR; };
		1F5A07C32386D6CE003D16EC /* AppDelegate.swift */ = {isa = PBXFileReference; lastKnownFileType = sourcecode.swift; path = AppDelegate.swift; sourceTree = "<group>"; };
		1F5A07CC2386D6CF003D16EC /* Assets.xcassets */ = {isa = PBXFileReference; lastKnownFileType = folder.assetcatalog; path = Assets.xcassets; sourceTree = "<group>"; };
		1F5A07CF2386D6CF003D16EC /* Base */ = {isa = PBXFileReference; lastKnownFileType = file.storyboard; name = Base; path = Base.lproj/LaunchScreen.storyboard; sourceTree = "<group>"; };
		1F5A07D12386D6CF003D16EC /* Info.plist */ = {isa = PBXFileReference; lastKnownFileType = text.plist.xml; path = Info.plist; sourceTree = "<group>"; };
		1F5A07D92386D77E003D16EC /* HomeViewController.swift */ = {isa = PBXFileReference; lastKnownFileType = sourcecode.swift; path = HomeViewController.swift; sourceTree = "<group>"; };
		1F5A07DB2386D786003D16EC /* HomeView.swift */ = {isa = PBXFileReference; lastKnownFileType = sourcecode.swift; path = HomeView.swift; sourceTree = "<group>"; };
		1F5A07DD2386D799003D16EC /* HomeTableDataSource.swift */ = {isa = PBXFileReference; lastKnownFileType = sourcecode.swift; path = HomeTableDataSource.swift; sourceTree = "<group>"; };
		1F5A07DF2386D7C9003D16EC /* HomeViewModel.swift */ = {isa = PBXFileReference; lastKnownFileType = sourcecode.swift; path = HomeViewModel.swift; sourceTree = "<group>"; };
		1F5A07E12386D7DC003D16EC /* HomeCoordinator.swift */ = {isa = PBXFileReference; lastKnownFileType = sourcecode.swift; path = HomeCoordinator.swift; sourceTree = "<group>"; };
		1F5A07E42386D850003D16EC /* Coordinator.swift */ = {isa = PBXFileReference; lastKnownFileType = sourcecode.swift; path = Coordinator.swift; sourceTree = "<group>"; };
		1F5A07E72386DC18003D16EC /* UIView+Constraints.swift */ = {isa = PBXFileReference; lastKnownFileType = sourcecode.swift; path = "UIView+Constraints.swift"; sourceTree = "<group>"; };
		1FDC310C238849C4008A6DB9 /* R.swift */ = {isa = PBXFileReference; lastKnownFileType = sourcecode.swift; path = R.swift; sourceTree = "<group>"; };
/* End PBXFileReference section */

/* Begin PBXFrameworksBuildPhase section */
		1F5A07BD2386D6CE003D16EC /* Frameworks */ = {
			isa = PBXFrameworksBuildPhase;
			buildActionMask = 2147483647;
			files = (
			);
			runOnlyForDeploymentPostprocessing = 0;
		};
/* End PBXFrameworksBuildPhase section */

/* Begin PBXGroup section */
		1F31F31E2386DDD8002A0F0D /* View */ = {
			isa = PBXGroup;
			children = (
				1F5A07CE2386D6CF003D16EC /* LaunchScreen.storyboard */,
				1F31F3222386DF51002A0F0D /* BaseNavController.swift */,
				1F31F3272386E7FF002A0F0D /* HomeTableCell.swift */,
			);
			path = View;
			sourceTree = "<group>";
		};
		1F31F3242386E3FD002A0F0D /* Service */ = {
			isa = PBXGroup;
			children = (
				1F31F3252386E40D002A0F0D /* LocationService.swift */,
			);
			path = Service;
			sourceTree = "<group>";
		};
		1F5A07B72386D6CE003D16EC = {
			isa = PBXGroup;
			children = (
				1F5A07C22386D6CE003D16EC /* MapIt */,
				1F5A07C12386D6CE003D16EC /* Products */,
			);
			sourceTree = "<group>";
		};
		1F5A07C12386D6CE003D16EC /* Products */ = {
			isa = PBXGroup;
			children = (
				1F5A07C02386D6CE003D16EC /* MapIt.app */,
			);
			name = Products;
			sourceTree = "<group>";
		};
		1F5A07C22386D6CE003D16EC /* MapIt */ = {
			isa = PBXGroup;
			children = (
				1F5A07D12386D6CF003D16EC /* Info.plist */,
				1F5A07C32386D6CE003D16EC /* AppDelegate.swift */,
				1F5A07CC2386D6CF003D16EC /* Assets.xcassets */,
				1F31F3242386E3FD002A0F0D /* Service */,
				1F5A07E32386D841003D16EC /* Protocol */,
				1F31F31E2386DDD8002A0F0D /* View */,
				1FDC310E23884DCA008A6DB9 /* Model */,
				1F5A07D72386D70E003D16EC /* ViewController */,
				1FDC310B238849B0008A6DB9 /* Resource */,
				1F5A07E62386DBC3003D16EC /* Extension */,
			);
			path = MapIt;
			sourceTree = "<group>";
		};
		1F5A07D72386D70E003D16EC /* ViewController */ = {
			isa = PBXGroup;
			children = (
				1F5A07D82386D716003D16EC /* Home */,
			);
			path = ViewController;
			sourceTree = "<group>";
		};
		1F5A07D82386D716003D16EC /* Home */ = {
			isa = PBXGroup;
			children = (
				1F5A07D92386D77E003D16EC /* HomeViewController.swift */,
				1F5A07DB2386D786003D16EC /* HomeView.swift */,
				1F5A07DD2386D799003D16EC /* HomeTableDataSource.swift */,
				1F5A07DF2386D7C9003D16EC /* HomeViewModel.swift */,
				1F5A07E12386D7DC003D16EC /* HomeCoordinator.swift */,
			);
			path = Home;
			sourceTree = "<group>";
		};
		1F5A07E32386D841003D16EC /* Protocol */ = {
			isa = PBXGroup;
			children = (
				1F5A07E42386D850003D16EC /* Coordinator.swift */,
			);
			path = Protocol;
			sourceTree = "<group>";
		};
		1F5A07E62386DBC3003D16EC /* Extension */ = {
			isa = PBXGroup;
			children = (
				1F5A07E72386DC18003D16EC /* UIView+Constraints.swift */,
				1F31F32D23871595002A0F0D /* MKAnnotation+CLLocation.swift */,
				1F31F32F2387163D002A0F0D /* Double+FormattedDistance.swift */,
				1F31F33123872E29002A0F0D /* MKMapView+Bounds.swift */,
			);
			path = Extension;
			sourceTree = "<group>";
		};
		1FDC310B238849B0008A6DB9 /* Resource */ = {
			isa = PBXGroup;
			children = (
				1FDC310C238849C4008A6DB9 /* R.swift */,
			);
			path = Resource;
			sourceTree = "<group>";
		};
		1FDC310E23884DCA008A6DB9 /* Model */ = {
			isa = PBXGroup;
			children = (
				1F31F3292386EF9F002A0F0D /* LocationItem.swift */,
			);
			path = Model;
			sourceTree = "<group>";
		};
/* End PBXGroup section */

/* Begin PBXNativeTarget section */
		1F5A07BF2386D6CE003D16EC /* MapIt */ = {
			isa = PBXNativeTarget;
			buildConfigurationList = 1F5A07D42386D6CF003D16EC /* Build configuration list for PBXNativeTarget "MapIt" */;
			buildPhases = (
				1F5A07BC2386D6CE003D16EC /* Sources */,
				1F5A07BD2386D6CE003D16EC /* Frameworks */,
				1F5A07BE2386D6CE003D16EC /* Resources */,
			);
			buildRules = (
			);
			dependencies = (
			);
			name = MapIt;
			productName = "Zip Route";
			productReference = 1F5A07C02386D6CE003D16EC /* MapIt.app */;
			productType = "com.apple.product-type.application";
		};
/* End PBXNativeTarget section */

/* Begin PBXProject section */
		1F5A07B82386D6CE003D16EC /* Project object */ = {
			isa = PBXProject;
			attributes = {
				LastSwiftUpdateCheck = 1120;
				LastUpgradeCheck = 1120;
				ORGANIZATIONNAME = "OverSphere LLC";
				TargetAttributes = {
					1F5A07BF2386D6CE003D16EC = {
						CreatedOnToolsVersion = 11.2.1;
					};
				};
			};
			buildConfigurationList = 1F5A07BB2386D6CE003D16EC /* Build configuration list for PBXProject "MapIt" */;
			compatibilityVersion = "Xcode 9.3";
			developmentRegion = en;
			hasScannedForEncodings = 0;
			knownRegions = (
				en,
				Base,
			);
			mainGroup = 1F5A07B72386D6CE003D16EC;
			productRefGroup = 1F5A07C12386D6CE003D16EC /* Products */;
			projectDirPath = "";
			projectRoot = "";
			targets = (
				1F5A07BF2386D6CE003D16EC /* MapIt */,
			);
		};
/* End PBXProject section */

/* Begin PBXResourcesBuildPhase section */
		1F5A07BE2386D6CE003D16EC /* Resources */ = {
			isa = PBXResourcesBuildPhase;
			buildActionMask = 2147483647;
			files = (
				1F5A07D02386D6CF003D16EC /* LaunchScreen.storyboard in Resources */,
				1F5A07CD2386D6CF003D16EC /* Assets.xcassets in Resources */,
			);
			runOnlyForDeploymentPostprocessing = 0;
		};
/* End PBXResourcesBuildPhase section */

/* Begin PBXSourcesBuildPhase section */
		1F5A07BC2386D6CE003D16EC /* Sources */ = {
			isa = PBXSourcesBuildPhase;
			buildActionMask = 2147483647;
			files = (
				1F5A07DE2386D799003D16EC /* HomeTableDataSource.swift in Sources */,
				1F31F3302387163D002A0F0D /* Double+FormattedDistance.swift in Sources */,
				1F5A07DC2386D786003D16EC /* HomeView.swift in Sources */,
				1F5A07C42386D6CE003D16EC /* AppDelegate.swift in Sources */,
				1FDC310D238849C4008A6DB9 /* R.swift in Sources */,
				1F31F32A2386EF9F002A0F0D /* LocationItem.swift in Sources */,
				1F31F32E23871595002A0F0D /* MKAnnotation+CLLocation.swift in Sources */,
				1F31F3232386DF51002A0F0D /* BaseNavController.swift in Sources */,
				1F31F33223872E29002A0F0D /* MKMapView+Bounds.swift in Sources */,
				1F5A07E02386D7C9003D16EC /* HomeViewModel.swift in Sources */,
				1F31F3262386E40D002A0F0D /* LocationService.swift in Sources */,
				1F5A07E22386D7DC003D16EC /* HomeCoordinator.swift in Sources */,
				1F5A07DA2386D77E003D16EC /* HomeViewController.swift in Sources */,
				1F5A07E52386D850003D16EC /* Coordinator.swift in Sources */,
				1F5A07E82386DC18003D16EC /* UIView+Constraints.swift in Sources */,
				1F31F3282386E7FF002A0F0D /* HomeTableCell.swift in Sources */,
			);
			runOnlyForDeploymentPostprocessing = 0;
		};
/* End PBXSourcesBuildPhase section */

/* Begin PBXVariantGroup section */
		1F5A07CE2386D6CF003D16EC /* LaunchScreen.storyboard */ = {
			isa = PBXVariantGroup;
			children = (
				1F5A07CF2386D6CF003D16EC /* Base */,
			);
			name = LaunchScreen.storyboard;
			sourceTree = "<group>";
		};
/* End PBXVariantGroup section */

/* Begin XCBuildConfiguration section */
		1F5A07D22386D6CF003D16EC /* Debug */ = {
			isa = XCBuildConfiguration;
			buildSettings = {
				ALWAYS_SEARCH_USER_PATHS = NO;
				CLANG_ANALYZER_NONNULL = YES;
				CLANG_ANALYZER_NUMBER_OBJECT_CONVERSION = YES_AGGRESSIVE;
				CLANG_CXX_LANGUAGE_STANDARD = "gnu++14";
				CLANG_CXX_LIBRARY = "libc++";
				CLANG_ENABLE_MODULES = YES;
				CLANG_ENABLE_OBJC_ARC = YES;
				CLANG_ENABLE_OBJC_WEAK = YES;
				CLANG_WARN_BLOCK_CAPTURE_AUTORELEASING = YES;
				CLANG_WARN_BOOL_CONVERSION = YES;
				CLANG_WARN_COMMA = YES;
				CLANG_WARN_CONSTANT_CONVERSION = YES;
				CLANG_WARN_DEPRECATED_OBJC_IMPLEMENTATIONS = YES;
				CLANG_WARN_DIRECT_OBJC_ISA_USAGE = YES_ERROR;
				CLANG_WARN_DOCUMENTATION_COMMENTS = YES;
				CLANG_WARN_EMPTY_BODY = YES;
				CLANG_WARN_ENUM_CONVERSION = YES;
				CLANG_WARN_INFINITE_RECURSION = YES;
				CLANG_WARN_INT_CONVERSION = YES;
				CLANG_WARN_NON_LITERAL_NULL_CONVERSION = YES;
				CLANG_WARN_OBJC_IMPLICIT_RETAIN_SELF = YES;
				CLANG_WARN_OBJC_LITERAL_CONVERSION = YES;
				CLANG_WARN_OBJC_ROOT_CLASS = YES_ERROR;
				CLANG_WARN_RANGE_LOOP_ANALYSIS = YES;
				CLANG_WARN_STRICT_PROTOTYPES = YES;
				CLANG_WARN_SUSPICIOUS_MOVE = YES;
				CLANG_WARN_UNGUARDED_AVAILABILITY = YES_AGGRESSIVE;
				CLANG_WARN_UNREACHABLE_CODE = YES;
				CLANG_WARN__DUPLICATE_METHOD_MATCH = YES;
				COPY_PHASE_STRIP = NO;
				DEBUG_INFORMATION_FORMAT = dwarf;
				ENABLE_STRICT_OBJC_MSGSEND = YES;
				ENABLE_TESTABILITY = YES;
				GCC_C_LANGUAGE_STANDARD = gnu11;
				GCC_DYNAMIC_NO_PIC = NO;
				GCC_NO_COMMON_BLOCKS = YES;
				GCC_OPTIMIZATION_LEVEL = 0;
				GCC_PREPROCESSOR_DEFINITIONS = (
					"DEBUG=1",
					"$(inherited)",
				);
				GCC_WARN_64_TO_32_BIT_CONVERSION = YES;
				GCC_WARN_ABOUT_RETURN_TYPE = YES_ERROR;
				GCC_WARN_UNDECLARED_SELECTOR = YES;
				GCC_WARN_UNINITIALIZED_AUTOS = YES_AGGRESSIVE;
				GCC_WARN_UNUSED_FUNCTION = YES;
				GCC_WARN_UNUSED_VARIABLE = YES;
				IPHONEOS_DEPLOYMENT_TARGET = 13.2;
				MTL_ENABLE_DEBUG_INFO = INCLUDE_SOURCE;
				MTL_FAST_MATH = YES;
				ONLY_ACTIVE_ARCH = YES;
				SDKROOT = iphoneos;
				SWIFT_ACTIVE_COMPILATION_CONDITIONS = DEBUG;
				SWIFT_OPTIMIZATION_LEVEL = "-Onone";
			};
			name = Debug;
		};
		1F5A07D32386D6CF003D16EC /* Release */ = {
			isa = XCBuildConfiguration;
			buildSettings = {
				ALWAYS_SEARCH_USER_PATHS = NO;
				CLANG_ANALYZER_NONNULL = YES;
				CLANG_ANALYZER_NUMBER_OBJECT_CONVERSION = YES_AGGRESSIVE;
				CLANG_CXX_LANGUAGE_STANDARD = "gnu++14";
				CLANG_CXX_LIBRARY = "libc++";
				CLANG_ENABLE_MODULES = YES;
				CLANG_ENABLE_OBJC_ARC = YES;
				CLANG_ENABLE_OBJC_WEAK = YES;
				CLANG_WARN_BLOCK_CAPTURE_AUTORELEASING = YES;
				CLANG_WARN_BOOL_CONVERSION = YES;
				CLANG_WARN_COMMA = YES;
				CLANG_WARN_CONSTANT_CONVERSION = YES;
				CLANG_WARN_DEPRECATED_OBJC_IMPLEMENTATIONS = YES;
				CLANG_WARN_DIRECT_OBJC_ISA_USAGE = YES_ERROR;
				CLANG_WARN_DOCUMENTATION_COMMENTS = YES;
				CLANG_WARN_EMPTY_BODY = YES;
				CLANG_WARN_ENUM_CONVERSION = YES;
				CLANG_WARN_INFINITE_RECURSION = YES;
				CLANG_WARN_INT_CONVERSION = YES;
				CLANG_WARN_NON_LITERAL_NULL_CONVERSION = YES;
				CLANG_WARN_OBJC_IMPLICIT_RETAIN_SELF = YES;
				CLANG_WARN_OBJC_LITERAL_CONVERSION = YES;
				CLANG_WARN_OBJC_ROOT_CLASS = YES_ERROR;
				CLANG_WARN_RANGE_LOOP_ANALYSIS = YES;
				CLANG_WARN_STRICT_PROTOTYPES = YES;
				CLANG_WARN_SUSPICIOUS_MOVE = YES;
				CLANG_WARN_UNGUARDED_AVAILABILITY = YES_AGGRESSIVE;
				CLANG_WARN_UNREACHABLE_CODE = YES;
				CLANG_WARN__DUPLICATE_METHOD_MATCH = YES;
				COPY_PHASE_STRIP = NO;
				DEBUG_INFORMATION_FORMAT = "dwarf-with-dsym";
				ENABLE_NS_ASSERTIONS = NO;
				ENABLE_STRICT_OBJC_MSGSEND = YES;
				GCC_C_LANGUAGE_STANDARD = gnu11;
				GCC_NO_COMMON_BLOCKS = YES;
				GCC_WARN_64_TO_32_BIT_CONVERSION = YES;
				GCC_WARN_ABOUT_RETURN_TYPE = YES_ERROR;
				GCC_WARN_UNDECLARED_SELECTOR = YES;
				GCC_WARN_UNINITIALIZED_AUTOS = YES_AGGRESSIVE;
				GCC_WARN_UNUSED_FUNCTION = YES;
				GCC_WARN_UNUSED_VARIABLE = YES;
				IPHONEOS_DEPLOYMENT_TARGET = 13.2;
				MTL_ENABLE_DEBUG_INFO = NO;
				MTL_FAST_MATH = YES;
				SDKROOT = iphoneos;
				SWIFT_COMPILATION_MODE = wholemodule;
				SWIFT_OPTIMIZATION_LEVEL = "-O";
				VALIDATE_PRODUCT = YES;
			};
			name = Release;
		};
		1F5A07D52386D6CF003D16EC /* Debug */ = {
			isa = XCBuildConfiguration;
			buildSettings = {
				ASSETCATALOG_COMPILER_APPICON_NAME = AppIcon;
				CODE_SIGN_STYLE = Automatic;
				DEVELOPMENT_TEAM = CP6P8U926R;
				INFOPLIST_FILE = MapIt/Info.plist;
				IPHONEOS_DEPLOYMENT_TARGET = 13.0;
				LD_RUNPATH_SEARCH_PATHS = (
					"$(inherited)",
					"@executable_path/Frameworks",
				);
				PRODUCT_BUNDLE_IDENTIFIER = net.oversphere.mapit;
				PRODUCT_NAME = MapIt;
				SWIFT_VERSION = 5.0;
				TARGETED_DEVICE_FAMILY = 1;
			};
			name = Debug;
		};
		1F5A07D62386D6CF003D16EC /* Release */ = {
			isa = XCBuildConfiguration;
			buildSettings = {
				ASSETCATALOG_COMPILER_APPICON_NAME = AppIcon;
				CODE_SIGN_STYLE = Automatic;
				DEVELOPMENT_TEAM = CP6P8U926R;
				INFOPLIST_FILE = MapIt/Info.plist;
				IPHONEOS_DEPLOYMENT_TARGET = 13.0;
				LD_RUNPATH_SEARCH_PATHS = (
					"$(inherited)",
					"@executable_path/Frameworks",
				);
				PRODUCT_BUNDLE_IDENTIFIER = net.oversphere.mapit;
				PRODUCT_NAME = MapIt;
				SWIFT_VERSION = 5.0;
				TARGETED_DEVICE_FAMILY = 1;
			};
			name = Release;
		};
/* End XCBuildConfiguration section */

/* Begin XCConfigurationList section */
		1F5A07BB2386D6CE003D16EC /* Build configuration list for PBXProject "MapIt" */ = {
			isa = XCConfigurationList;
			buildConfigurations = (
				1F5A07D22386D6CF003D16EC /* Debug */,
				1F5A07D32386D6CF003D16EC /* Release */,
			);
			defaultConfigurationIsVisible = 0;
			defaultConfigurationName = Release;
		};
		1F5A07D42386D6CF003D16EC /* Build configuration list for PBXNativeTarget "MapIt" */ = {
			isa = XCConfigurationList;
			buildConfigurations = (
				1F5A07D52386D6CF003D16EC /* Debug */,
				1F5A07D62386D6CF003D16EC /* Release */,
			);
			defaultConfigurationIsVisible = 0;
			defaultConfigurationName = Release;
		};
/* End XCConfigurationList section */
	};
	rootObject = 1F5A07B82386D6CE003D16EC /* Project object */;
}
